
Microsoft Visual Studio Solution File, Format Version 12.00
# Visual Studio 15
VisualStudioVersion = 15.0.27428.2037
MinimumVisualStudioVersion = 10.0.40219.1
Project("{FAE04EC0-301F-11D3-BF4B-00C04F79EFBC}") = "TodoXamarinNative.Core", "TodoXamarinNative.Core\TodoXamarinNative.Core.csproj", "{63A3FC98-A8F5-49CC-ADF9-E6B53D8F1689}"
EndProject
Project("{FAE04EC0-301F-11D3-BF4B-00C04F79EFBC}") = "TodoXamarinNative.Android", "TodoXamarinNative.Android\TodoXamarinNative.Android.csproj", "{F7DF26E9-D82A-4522-A48C-C27684A44221}"
EndProject
Project("{FAE04EC0-301F-11D3-BF4B-00C04F79EFBC}") = "TodoXamarinNative.iOS", "TodoXamarinNative.iOS\TodoXamarinNative.iOS.csproj", "{F694B890-9ECF-47E0-91D6-4135C575A655}"
EndProject
Global
	GlobalSection(SolutionConfigurationPlatforms) = preSolution
		Debug|Any CPU = Debug|Any CPU
		Debug|iPhone = Debug|iPhone
		Debug|iPhoneSimulator = Debug|iPhoneSimulator
		Release|Any CPU = Release|Any CPU
		Release|iPhone = Release|iPhone
		Release|iPhoneSimulator = Release|iPhoneSimulator
	EndGlobalSection
	GlobalSection(ProjectConfigurationPlatforms) = postSolution
		{63A3FC98-A8F5-49CC-ADF9-E6B53D8F1689}.Debug|Any CPU.ActiveCfg = Debug|Any CPU
		{63A3FC98-A8F5-49CC-ADF9-E6B53D8F1689}.Debug|Any CPU.Build.0 = Debug|Any CPU
		{63A3FC98-A8F5-49CC-ADF9-E6B53D8F1689}.Debug|iPhone.ActiveCfg = Debug|Any CPU
		{63A3FC98-A8F5-49CC-ADF9-E6B53D8F1689}.Debug|iPhone.Build.0 = Debug|Any CPU
		{63A3FC98-A8F5-49CC-ADF9-E6B53D8F1689}.Debug|iPhoneSimulator.ActiveCfg = Debug|Any CPU
		{63A3FC98-A8F5-49CC-ADF9-E6B53D8F1689}.Debug|iPhoneSimulator.Build.0 = Debug|Any CPU
		{63A3FC98-A8F5-49CC-ADF9-E6B53D8F1689}.Release|Any CPU.ActiveCfg = Release|Any CPU
		{63A3FC98-A8F5-49CC-ADF9-E6B53D8F1689}.Release|Any CPU.Build.0 = Release|Any CPU
		{63A3FC98-A8F5-49CC-ADF9-E6B53D8F1689}.Release|iPhone.ActiveCfg = Release|Any CPU
		{63A3FC98-A8F5-49CC-ADF9-E6B53D8F1689}.Release|iPhone.Build.0 = Release|Any CPU
		{63A3FC98-A8F5-49CC-ADF9-E6B53D8F1689}.Release|iPhoneSimulator.ActiveCfg = Release|Any CPU
		{63A3FC98-A8F5-49CC-ADF9-E6B53D8F1689}.Release|iPhoneSimulator.Build.0 = Release|Any CPU
		{F7DF26E9-D82A-4522-A48C-C27684A44221}.Debug|Any CPU.ActiveCfg = Debug|Any CPU
		{F7DF26E9-D82A-4522-A48C-C27684A44221}.Debug|Any CPU.Build.0 = Debug|Any CPU
		{F7DF26E9-D82A-4522-A48C-C27684A44221}.Debug|Any CPU.Deploy.0 = Debug|Any CPU
		{F7DF26E9-D82A-4522-A48C-C27684A44221}.Debug|iPhone.ActiveCfg = Debug|Any CPU
		{F7DF26E9-D82A-4522-A48C-C27684A44221}.Debug|iPhone.Build.0 = Debug|Any CPU
		{F7DF26E9-D82A-4522-A48C-C27684A44221}.Debug|iPhone.Deploy.0 = Debug|Any CPU
		{F7DF26E9-D82A-4522-A48C-C27684A44221}.Debug|iPhoneSimulator.ActiveCfg = Debug|Any CPU
		{F7DF26E9-D82A-4522-A48C-C27684A44221}.Debug|iPhoneSimulator.Build.0 = Debug|Any CPU
		{F7DF26E9-D82A-4522-A48C-C27684A44221}.Debug|iPhoneSimulator.Deploy.0 = Debug|Any CPU
		{F7DF26E9-D82A-4522-A48C-C27684A44221}.Release|Any CPU.ActiveCfg = Release|Any CPU
		{F7DF26E9-D82A-4522-A48C-C27684A44221}.Release|Any CPU.Build.0 = Release|Any CPU
		{F7DF26E9-D82A-4522-A48C-C27684A44221}.Release|Any CPU.Deploy.0 = Release|Any CPU
		{F7DF26E9-D82A-4522-A48C-C27684A44221}.Release|iPhone.ActiveCfg = Release|Any CPU
		{F7DF26E9-D82A-4522-A48C-C27684A44221}.Release|iPhone.Build.0 = Release|Any CPU
		{F7DF26E9-D82A-4522-A48C-C27684A44221}.Release|iPhone.Deploy.0 = Release|Any CPU
		{F7DF26E9-D82A-4522-A48C-C27684A44221}.Release|iPhoneSimulator.ActiveCfg = Release|Any CPU
		{F7DF26E9-D82A-4522-A48C-C27684A44221}.Release|iPhoneSimulator.Build.0 = Release|Any CPU
		{F7DF26E9-D82A-4522-A48C-C27684A44221}.Release|iPhoneSimulator.Deploy.0 = Release|Any CPU
		{F694B890-9ECF-47E0-91D6-4135C575A655}.Debug|Any CPU.ActiveCfg = Debug|iPhone
		{F694B890-9ECF-47E0-91D6-4135C575A655}.Debug|iPhone.ActiveCfg = Debug|iPhone
		{F694B890-9ECF-47E0-91D6-4135C575A655}.Debug|iPhone.Build.0 = Debug|iPhone
		{F694B890-9ECF-47E0-91D6-4135C575A655}.Debug|iPhoneSimulator.ActiveCfg = Debug|iPhoneSimulator
		{F694B890-9ECF-47E0-91D6-4135C575A655}.Debug|iPhoneSimulator.Build.0 = Debug|iPhoneSimulator
		{F694B890-9ECF-47E0-91D6-4135C575A655}.Release|Any CPU.ActiveCfg = Release|iPhone
		{F694B890-9ECF-47E0-91D6-4135C575A655}.Release|iPhone.ActiveCfg = Release|iPhone
		{F694B890-9ECF-47E0-91D6-4135C575A655}.Release|iPhone.Build.0 = Release|iPhone
		{F694B890-9ECF-47E0-91D6-4135C575A655}.Release|iPhoneSimulator.ActiveCfg = Release|iPhoneSimulator
		{F694B890-9ECF-47E0-91D6-4135C575A655}.Release|iPhoneSimulator.Build.0 = Release|iPhoneSimulator
	EndGlobalSection
	GlobalSection(SolutionProperties) = preSolution
		HideSolutionNode = FALSE
	EndGlobalSection
	GlobalSection(ExtensibilityGlobals) = postSolution
		SolutionGuid = {449C4D71-08B6-4E32-99DD-C7118F1BAA10}
	EndGlobalSection
EndGlobal
